
Microsoft Visual Studio Solution File, Format Version 12.00
# Visual Studio Version 16
VisualStudioVersion = 16.0.31112.23
MinimumVisualStudioVersion = 10.0.40219.1
Project("{F2A71F9B-5D33-465A-A702-920D77279786}") = "webapi_fsharp", "webapi_fsharp\webapi_fsharp.fsproj", "{DB0D77D1-2721-4338-B0C2-5820CF6F8206}"
EndProject
Project("{2150E333-8FDC-42A3-9474-1A3956D46DE8}") = "Solution Items", "Solution Items", "{8ADAA38E-3D4A-47E9-8EEB-6DD878E0B7A8}"
	ProjectSection(SolutionItems) = preProject
		..\README.md = ..\README.md
	EndProjectSection
EndProject
Global
	GlobalSection(SolutionConfigurationPlatforms) = preSolution
		Debug|Any CPU = Debug|Any CPU
		Release|Any CPU = Release|Any CPU
	EndGlobalSection
	GlobalSection(ProjectConfigurationPlatforms) = postSolution
		{DB0D77D1-2721-4338-B0C2-5820CF6F8206}.Debug|Any CPU.ActiveCfg = Debug|Any CPU
		{DB0D77D1-2721-4338-B0C2-5820CF6F8206}.Debug|Any CPU.Build.0 = Debug|Any CPU
		{DB0D77D1-2721-4338-B0C2-5820CF6F8206}.Release|Any CPU.ActiveCfg = Release|Any CPU
		{DB0D77D1-2721-4338-B0C2-5820CF6F8206}.Release|Any CPU.Build.0 = Release|Any CPU
	EndGlobalSection
	GlobalSection(SolutionProperties) = preSolution
		HideSolutionNode = FALSE
	EndGlobalSection
	GlobalSection(ExtensibilityGlobals) = postSolution
		SolutionGuid = {4C32906C-9E4A-4159-B563-21A3DEAB4DB4}
	EndGlobalSection
EndGlobal
